
Microsoft Visual Studio Solution File, Format Version 12.00
# Visual Studio Version 17
VisualStudioVersion = 17.12.35506.116
MinimumVisualStudioVersion = 10.0.40219.1
Project("{FAE04EC0-301F-11D3-BF4B-00C04F79EFBC}") = "lab12", "LAB12\lab12.csproj", "{CAF9BD53-F7B4-4298-AE0A-9E25ACAAA2E0}"
EndProject
Global
	GlobalSection(SolutionConfigurationPlatforms) = preSolution
		Debug|Any CPU = Debug|Any CPU
		Release|Any CPU = Release|Any CPU
	EndGlobalSection
	GlobalSection(ProjectConfigurationPlatforms) = postSolution
		{CAF9BD53-F7B4-4298-AE0A-9E25ACAAA2E0}.Debug|Any CPU.ActiveCfg = Debug|Any CPU
		{CAF9BD53-F7B4-4298-AE0A-9E25ACAAA2E0}.Debug|Any CPU.Build.0 = Debug|Any CPU
		{CAF9BD53-F7B4-4298-AE0A-9E25ACAAA2E0}.Release|Any CPU.ActiveCfg = Release|Any CPU
		{CAF9BD53-F7B4-4298-AE0A-9E25ACAAA2E0}.Release|Any CPU.Build.0 = Release|Any CPU
	EndGlobalSection
	GlobalSection(SolutionProperties) = preSolution
		HideSolutionNode = FALSE
	EndGlobalSection
	GlobalSection(ExtensibilityGlobals) = postSolution
		SolutionGuid = {1FE97FF7-D5D2-4CE7-8458-E7EFE6CDE14A}
	EndGlobalSection
EndGlobal
