
Microsoft Visual Studio Solution File, Format Version 12.00
# Visual Studio Version 17
VisualStudioVersion = 17.13.35825.156
MinimumVisualStudioVersion = 10.0.40219.1
Project("{FAE04EC0-301F-11D3-BF4B-00C04F79EFBC}") = "REPO", "REPO\REPO.csproj", "{1D8F31D9-9C18-4750-B819-EB5EA1B61AE7}"
EndProject
Project("{FAE04EC0-301F-11D3-BF4B-00C04F79EFBC}") = "DAL", "DAL\DAL.csproj", "{8DB4E7FC-F8A1-4F8F-AAB7-EF4847E3E5F9}"
	ProjectSection(ProjectDependencies) = postProject
		{1D8F31D9-9C18-4750-B819-EB5EA1B61AE7} = {1D8F31D9-9C18-4750-B819-EB5EA1B61AE7}
	EndProjectSection
EndProject
Project("{FAE04EC0-301F-11D3-BF4B-00C04F79EFBC}") = "Test_DAL", "Test_DAL\Test_DAL.csproj", "{DF50B349-C996-4ED3-A20C-F25C9DEA97A5}"
	ProjectSection(ProjectDependencies) = postProject
		{8DB4E7FC-F8A1-4F8F-AAB7-EF4847E3E5F9} = {8DB4E7FC-F8A1-4F8F-AAB7-EF4847E3E5F9}
	EndProjectSection
EndProject
Project("{FAE04EC0-301F-11D3-BF4B-00C04F79EFBC}") = "DALJSON", "DALJSON\DALJSON.csproj", "{13350BE0-D478-4555-8F49-0FACFA95EA7F}"
EndProject
Project("{FAE04EC0-301F-11D3-BF4B-00C04F79EFBC}") = "Test_DALJSON", "Test_DALJSON\Test_DALJSON.csproj", "{FCB91BAA-BF95-426D-B174-30B69104CA28}"
	ProjectSection(ProjectDependencies) = postProject
		{13350BE0-D478-4555-8F49-0FACFA95EA7F} = {13350BE0-D478-4555-8F49-0FACFA95EA7F}
	EndProjectSection
EndProject
Project("{FAE04EC0-301F-11D3-BF4B-00C04F79EFBC}") = "Test_XX", "Test_XX\Test_XX.csproj", "{4E4815FA-29D3-48A5-B406-7842851F0337}"
	ProjectSection(ProjectDependencies) = postProject
		{13350BE0-D478-4555-8F49-0FACFA95EA7F} = {13350BE0-D478-4555-8F49-0FACFA95EA7F}
		{8DB4E7FC-F8A1-4F8F-AAB7-EF4847E3E5F9} = {8DB4E7FC-F8A1-4F8F-AAB7-EF4847E3E5F9}
	EndProjectSection
EndProject
Project("{FAE04EC0-301F-11D3-BF4B-00C04F79EFBC}") = "GREPO", "GREPO\GREPO.csproj", "{6F34E3AF-C586-40F7-8618-92BB35B9141E}"
EndProject
Project("{FAE04EC0-301F-11D3-BF4B-00C04F79EFBC}") = "DALMSQLXG", "DALMSQLXG\DALMSQLXG.csproj", "{C37B543F-CCBD-4D1E-B211-581C33004C63}"
	ProjectSection(ProjectDependencies) = postProject
		{6F34E3AF-C586-40F7-8618-92BB35B9141E} = {6F34E3AF-C586-40F7-8618-92BB35B9141E}
	EndProjectSection
EndProject
Project("{FAE04EC0-301F-11D3-BF4B-00C04F79EFBC}") = "Test_DALMSQLXG", "Test_DALMSQLXG\Test_DALMSQLXG.csproj", "{D1DA7924-A3E1-42D6-B066-78E6B7EF9EB7}"
	ProjectSection(ProjectDependencies) = postProject
		{6F34E3AF-C586-40F7-8618-92BB35B9141E} = {6F34E3AF-C586-40F7-8618-92BB35B9141E}
		{C37B543F-CCBD-4D1E-B211-581C33004C63} = {C37B543F-CCBD-4D1E-B211-581C33004C63}
	EndProjectSection
EndProject
Project("{FAE04EC0-301F-11D3-BF4B-00C04F79EFBC}") = "DALJSONXG", "DALJSONXG\DALJSONXG.csproj", "{17874909-A1D2-4648-AD61-821F500B6F38}"
	ProjectSection(ProjectDependencies) = postProject
		{6F34E3AF-C586-40F7-8618-92BB35B9141E} = {6F34E3AF-C586-40F7-8618-92BB35B9141E}
	EndProjectSection
EndProject
Project("{FAE04EC0-301F-11D3-BF4B-00C04F79EFBC}") = "Test_DALJSONXG", "Test_DALJSONXG\Test_DALJSONXG.csproj", "{812A4939-9B38-48D7-8D94-77BCD8EBA4DF}"
	ProjectSection(ProjectDependencies) = postProject
		{17874909-A1D2-4648-AD61-821F500B6F38} = {17874909-A1D2-4648-AD61-821F500B6F38}
		{6F34E3AF-C586-40F7-8618-92BB35B9141E} = {6F34E3AF-C586-40F7-8618-92BB35B9141E}
	EndProjectSection
EndProject
Project("{FAE04EC0-301F-11D3-BF4B-00C04F79EFBC}") = "Test_XXG", "Test_XXG\Test_XXG.csproj", "{DF223461-BABA-4BD0-A056-55A0FAAB1273}"
EndProject
Global
	GlobalSection(SolutionConfigurationPlatforms) = preSolution
		Debug|Any CPU = Debug|Any CPU
		Release|Any CPU = Release|Any CPU
	EndGlobalSection
	GlobalSection(ProjectConfigurationPlatforms) = postSolution
		{1D8F31D9-9C18-4750-B819-EB5EA1B61AE7}.Debug|Any CPU.ActiveCfg = Debug|Any CPU
		{1D8F31D9-9C18-4750-B819-EB5EA1B61AE7}.Debug|Any CPU.Build.0 = Debug|Any CPU
		{1D8F31D9-9C18-4750-B819-EB5EA1B61AE7}.Release|Any CPU.ActiveCfg = Release|Any CPU
		{1D8F31D9-9C18-4750-B819-EB5EA1B61AE7}.Release|Any CPU.Build.0 = Release|Any CPU
		{8DB4E7FC-F8A1-4F8F-AAB7-EF4847E3E5F9}.Debug|Any CPU.ActiveCfg = Debug|Any CPU
		{8DB4E7FC-F8A1-4F8F-AAB7-EF4847E3E5F9}.Debug|Any CPU.Build.0 = Debug|Any CPU
		{8DB4E7FC-F8A1-4F8F-AAB7-EF4847E3E5F9}.Release|Any CPU.ActiveCfg = Release|Any CPU
		{8DB4E7FC-F8A1-4F8F-AAB7-EF4847E3E5F9}.Release|Any CPU.Build.0 = Release|Any CPU
		{DF50B349-C996-4ED3-A20C-F25C9DEA97A5}.Debug|Any CPU.ActiveCfg = Debug|Any CPU
		{DF50B349-C996-4ED3-A20C-F25C9DEA97A5}.Debug|Any CPU.Build.0 = Debug|Any CPU
		{DF50B349-C996-4ED3-A20C-F25C9DEA97A5}.Release|Any CPU.ActiveCfg = Release|Any CPU
		{DF50B349-C996-4ED3-A20C-F25C9DEA97A5}.Release|Any CPU.Build.0 = Release|Any CPU
		{13350BE0-D478-4555-8F49-0FACFA95EA7F}.Debug|Any CPU.ActiveCfg = Debug|Any CPU
		{13350BE0-D478-4555-8F49-0FACFA95EA7F}.Debug|Any CPU.Build.0 = Debug|Any CPU
		{13350BE0-D478-4555-8F49-0FACFA95EA7F}.Release|Any CPU.ActiveCfg = Release|Any CPU
		{13350BE0-D478-4555-8F49-0FACFA95EA7F}.Release|Any CPU.Build.0 = Release|Any CPU
		{FCB91BAA-BF95-426D-B174-30B69104CA28}.Debug|Any CPU.ActiveCfg = Debug|Any CPU
		{FCB91BAA-BF95-426D-B174-30B69104CA28}.Debug|Any CPU.Build.0 = Debug|Any CPU
		{FCB91BAA-BF95-426D-B174-30B69104CA28}.Release|Any CPU.ActiveCfg = Release|Any CPU
		{FCB91BAA-BF95-426D-B174-30B69104CA28}.Release|Any CPU.Build.0 = Release|Any CPU
		{4E4815FA-29D3-48A5-B406-7842851F0337}.Debug|Any CPU.ActiveCfg = Debug|Any CPU
		{4E4815FA-29D3-48A5-B406-7842851F0337}.Debug|Any CPU.Build.0 = Debug|Any CPU
		{4E4815FA-29D3-48A5-B406-7842851F0337}.Release|Any CPU.ActiveCfg = Release|Any CPU
		{4E4815FA-29D3-48A5-B406-7842851F0337}.Release|Any CPU.Build.0 = Release|Any CPU
		{6F34E3AF-C586-40F7-8618-92BB35B9141E}.Debug|Any CPU.ActiveCfg = Debug|Any CPU
		{6F34E3AF-C586-40F7-8618-92BB35B9141E}.Debug|Any CPU.Build.0 = Debug|Any CPU
		{6F34E3AF-C586-40F7-8618-92BB35B9141E}.Release|Any CPU.ActiveCfg = Release|Any CPU
		{6F34E3AF-C586-40F7-8618-92BB35B9141E}.Release|Any CPU.Build.0 = Release|Any CPU
		{C37B543F-CCBD-4D1E-B211-581C33004C63}.Debug|Any CPU.ActiveCfg = Debug|Any CPU
		{C37B543F-CCBD-4D1E-B211-581C33004C63}.Debug|Any CPU.Build.0 = Debug|Any CPU
		{C37B543F-CCBD-4D1E-B211-581C33004C63}.Release|Any CPU.ActiveCfg = Release|Any CPU
		{C37B543F-CCBD-4D1E-B211-581C33004C63}.Release|Any CPU.Build.0 = Release|Any CPU
		{D1DA7924-A3E1-42D6-B066-78E6B7EF9EB7}.Debug|Any CPU.ActiveCfg = Debug|Any CPU
		{D1DA7924-A3E1-42D6-B066-78E6B7EF9EB7}.Debug|Any CPU.Build.0 = Debug|Any CPU
		{D1DA7924-A3E1-42D6-B066-78E6B7EF9EB7}.Release|Any CPU.ActiveCfg = Release|Any CPU
		{D1DA7924-A3E1-42D6-B066-78E6B7EF9EB7}.Release|Any CPU.Build.0 = Release|Any CPU
		{17874909-A1D2-4648-AD61-821F500B6F38}.Debug|Any CPU.ActiveCfg = Debug|Any CPU
		{17874909-A1D2-4648-AD61-821F500B6F38}.Debug|Any CPU.Build.0 = Debug|Any CPU
		{17874909-A1D2-4648-AD61-821F500B6F38}.Release|Any CPU.ActiveCfg = Release|Any CPU
		{17874909-A1D2-4648-AD61-821F500B6F38}.Release|Any CPU.Build.0 = Release|Any CPU
		{812A4939-9B38-48D7-8D94-77BCD8EBA4DF}.Debug|Any CPU.ActiveCfg = Debug|Any CPU
		{812A4939-9B38-48D7-8D94-77BCD8EBA4DF}.Debug|Any CPU.Build.0 = Debug|Any CPU
		{812A4939-9B38-48D7-8D94-77BCD8EBA4DF}.Release|Any CPU.ActiveCfg = Release|Any CPU
		{812A4939-9B38-48D7-8D94-77BCD8EBA4DF}.Release|Any CPU.Build.0 = Release|Any CPU
		{DF223461-BABA-4BD0-A056-55A0FAAB1273}.Debug|Any CPU.ActiveCfg = Debug|Any CPU
		{DF223461-BABA-4BD0-A056-55A0FAAB1273}.Debug|Any CPU.Build.0 = Debug|Any CPU
		{DF223461-BABA-4BD0-A056-55A0FAAB1273}.Release|Any CPU.ActiveCfg = Release|Any CPU
		{DF223461-BABA-4BD0-A056-55A0FAAB1273}.Release|Any CPU.Build.0 = Release|Any CPU
	EndGlobalSection
	GlobalSection(SolutionProperties) = preSolution
		HideSolutionNode = FALSE
	EndGlobalSection
	GlobalSection(ExtensibilityGlobals) = postSolution
		SolutionGuid = {F608F4E6-C0CA-439F-AFB1-8D18A2CAC35D}
	EndGlobalSection
EndGlobal
