
Microsoft Visual Studio Solution File, Format Version 12.00
# Visual Studio Version 17
VisualStudioVersion = 17.13.35931.197 d17.13
MinimumVisualStudioVersion = 10.0.40219.1
Project("{FAE04EC0-301F-11D3-BF4B-00C04F79EFBC}") = "lab8", "lab8.csproj", "{E7562927-F40B-478F-97EE-F81EEEF882CB}"
EndProject
Global
	GlobalSection(SolutionConfigurationPlatforms) = preSolution
		Debug|Any CPU = Debug|Any CPU
		Release|Any CPU = Release|Any CPU
	EndGlobalSection
	GlobalSection(ProjectConfigurationPlatforms) = postSolution
		{E7562927-F40B-478F-97EE-F81EEEF882CB}.Debug|Any CPU.ActiveCfg = Debug|Any CPU
		{E7562927-F40B-478F-97EE-F81EEEF882CB}.Debug|Any CPU.Build.0 = Debug|Any CPU
		{E7562927-F40B-478F-97EE-F81EEEF882CB}.Release|Any CPU.ActiveCfg = Release|Any CPU
		{E7562927-F40B-478F-97EE-F81EEEF882CB}.Release|Any CPU.Build.0 = Release|Any CPU
	EndGlobalSection
	GlobalSection(SolutionProperties) = preSolution
		HideSolutionNode = FALSE
	EndGlobalSection
	GlobalSection(ExtensibilityGlobals) = postSolution
		SolutionGuid = {EA5C606E-5FAC-43B9-8358-3BD43C957B4B}
	EndGlobalSection
EndGlobal
