
Microsoft Visual Studio Solution File, Format Version 12.00
# Visual Studio Version 17
VisualStudioVersion = 17.13.35931.197 d17.13
MinimumVisualStudioVersion = 10.0.40219.1
Project("{FAE04EC0-301F-11D3-BF4B-00C04F79EFBC}") = "Algorythms", "RSA\Algorythms.csproj", "{1C5DF6B3-6340-4D08-B855-D140915CA592}"
EndProject
Project("{FAE04EC0-301F-11D3-BF4B-00C04F79EFBC}") = "EDS", "EDS\EDS.csproj", "{6B1D68BA-FFB2-4178-9A9B-C8910A28097F}"
EndProject
Global
	GlobalSection(SolutionConfigurationPlatforms) = preSolution
		Debug|Any CPU = Debug|Any CPU
		Release|Any CPU = Release|Any CPU
	EndGlobalSection
	GlobalSection(ProjectConfigurationPlatforms) = postSolution
		{1C5DF6B3-6340-4D08-B855-D140915CA592}.Debug|Any CPU.ActiveCfg = Debug|Any CPU
		{1C5DF6B3-6340-4D08-B855-D140915CA592}.Debug|Any CPU.Build.0 = Debug|Any CPU
		{1C5DF6B3-6340-4D08-B855-D140915CA592}.Release|Any CPU.ActiveCfg = Release|Any CPU
		{1C5DF6B3-6340-4D08-B855-D140915CA592}.Release|Any CPU.Build.0 = Release|Any CPU
		{6B1D68BA-FFB2-4178-9A9B-C8910A28097F}.Debug|Any CPU.ActiveCfg = Debug|Any CPU
		{6B1D68BA-FFB2-4178-9A9B-C8910A28097F}.Debug|Any CPU.Build.0 = Debug|Any CPU
		{6B1D68BA-FFB2-4178-9A9B-C8910A28097F}.Release|Any CPU.ActiveCfg = Release|Any CPU
		{6B1D68BA-FFB2-4178-9A9B-C8910A28097F}.Release|Any CPU.Build.0 = Release|Any CPU
	EndGlobalSection
	GlobalSection(SolutionProperties) = preSolution
		HideSolutionNode = FALSE
	EndGlobalSection
	GlobalSection(ExtensibilityGlobals) = postSolution
		SolutionGuid = {CDDA7489-A548-4046-BE4C-C35B3DD943E8}
	EndGlobalSection
EndGlobal
